{
  "pins" : [
    {
      "identity" : "game-ads-native-ios",
      "kind" : "remoteSourceControl",
      "location" : "https://github.com/Ankr-network/game-ads-native-ios",
      "state" : {
        "branch" : "main",
        "revision" : "a3a8ccfeb9abc02c5f9b556da5285d950b1c6ee5"
      }
    }
  ],
  "version" : 2
}
