{
  "pins" : [
    {
      "identity" : "game-ads-native-ios",
      "kind" : "remoteSourceControl",
      "location" : "https://github.com/Ankr-network/game-ads-native-ios",
      "state" : {
        "branch" : "main",
        "revision" : "f2de64240ee277a234643fc13a111c95bdcbb892"
      }
    }
  ],
  "version" : 2
}
